
Microsoft Visual Studio Solution File, Format Version 12.00
Project("{2150E333-8FDC-42A3-9474-1A3956D46DE8}") = "ServerStuff", "ServerStuff", "{D9BF6BF5-63DC-4642-B7D3-15C7FC3CA701}"
EndProject
Project("{2150E333-8FDC-42A3-9474-1A3956D46DE8}") = "ClientStuff", "ClientStuff", "{891EF8EB-F148-4FC3-952A-788A61902492}"
EndProject
Project("{FAE04EC0-301F-11D3-BF4B-00C04F79EFBC}") = "UDPClientSide_Single_Threaded", "UDPClientSide_Single_Threaded\UDPClientSide_Single_Threaded.csproj", "{D8A0F2D4-9D50-4C6E-9E10-19E7AE7201F2}"
EndProject
Project("{FAE04EC0-301F-11D3-BF4B-00C04F79EFBC}") = "UDPServerSide_Single_Threaded", "UDPServerSide_Single_Threaded\UDPServerSide_Single_Threaded.csproj", "{E3A5B547-D6D7-4E74-B540-05BE924939C4}"
EndProject
Project("{FAE04EC0-301F-11D3-BF4B-00C04F79EFBC}") = "TCPServerSide_Single_Threaded", "TCPServerSide_Single_Threaded\TCPServerSide_Single_Threaded.csproj", "{11E206B2-095F-450B-8895-96BDBFC83710}"
EndProject
Project("{FAE04EC0-301F-11D3-BF4B-00C04F79EFBC}") = "TCPClientSide_Single_Threaded", "TCPClientSide_Single_Threaded\TCPClientSide_Single_Threaded.csproj", "{F52203E8-B4DC-47C7-889F-235FB921A441}"
EndProject
Global
	GlobalSection(SolutionConfigurationPlatforms) = preSolution
		Debug|Any CPU = Debug|Any CPU
		Release|Any CPU = Release|Any CPU
	EndGlobalSection
	GlobalSection(NestedProjects) = preSolution
		{D8A0F2D4-9D50-4C6E-9E10-19E7AE7201F2} = {891EF8EB-F148-4FC3-952A-788A61902492}
		{E3A5B547-D6D7-4E74-B540-05BE924939C4} = {D9BF6BF5-63DC-4642-B7D3-15C7FC3CA701}
		{11E206B2-095F-450B-8895-96BDBFC83710} = {D9BF6BF5-63DC-4642-B7D3-15C7FC3CA701}
		{F52203E8-B4DC-47C7-889F-235FB921A441} = {891EF8EB-F148-4FC3-952A-788A61902492}
	EndGlobalSection
	GlobalSection(ProjectConfigurationPlatforms) = postSolution
		{D8A0F2D4-9D50-4C6E-9E10-19E7AE7201F2}.Debug|Any CPU.ActiveCfg = Debug|Any CPU
		{D8A0F2D4-9D50-4C6E-9E10-19E7AE7201F2}.Debug|Any CPU.Build.0 = Debug|Any CPU
		{D8A0F2D4-9D50-4C6E-9E10-19E7AE7201F2}.Release|Any CPU.ActiveCfg = Release|Any CPU
		{D8A0F2D4-9D50-4C6E-9E10-19E7AE7201F2}.Release|Any CPU.Build.0 = Release|Any CPU
		{E3A5B547-D6D7-4E74-B540-05BE924939C4}.Debug|Any CPU.ActiveCfg = Debug|Any CPU
		{E3A5B547-D6D7-4E74-B540-05BE924939C4}.Debug|Any CPU.Build.0 = Debug|Any CPU
		{E3A5B547-D6D7-4E74-B540-05BE924939C4}.Release|Any CPU.ActiveCfg = Release|Any CPU
		{E3A5B547-D6D7-4E74-B540-05BE924939C4}.Release|Any CPU.Build.0 = Release|Any CPU
		{11E206B2-095F-450B-8895-96BDBFC83710}.Debug|Any CPU.ActiveCfg = Debug|Any CPU
		{11E206B2-095F-450B-8895-96BDBFC83710}.Debug|Any CPU.Build.0 = Debug|Any CPU
		{11E206B2-095F-450B-8895-96BDBFC83710}.Release|Any CPU.ActiveCfg = Release|Any CPU
		{11E206B2-095F-450B-8895-96BDBFC83710}.Release|Any CPU.Build.0 = Release|Any CPU
		{F52203E8-B4DC-47C7-889F-235FB921A441}.Debug|Any CPU.ActiveCfg = Debug|Any CPU
		{F52203E8-B4DC-47C7-889F-235FB921A441}.Debug|Any CPU.Build.0 = Debug|Any CPU
		{F52203E8-B4DC-47C7-889F-235FB921A441}.Release|Any CPU.ActiveCfg = Release|Any CPU
		{F52203E8-B4DC-47C7-889F-235FB921A441}.Release|Any CPU.Build.0 = Release|Any CPU
	EndGlobalSection
EndGlobal
